Microsoft Visual Studio Solution File, Format Version 12.00
# Visual Studio Version 17
VisualStudioVersion = 17.14.36518.9 d17.14
MinimumVisualStudioVersion = 10.0.40219.1
Project("{FAE04EC0-301F-11D3-BF4B-00C04F79EFBC}") = "LibPff", "LibPff\LibPff.csproj", "{C7BCF942-5060-7117-98E5-E57440712D3D}"
EndProject
Project("{2150E333-8FDC-42A3-9474-1A3956D46DE8}") = "Projektmappenelemente", "Projektmappenelemente", "{84D27F74-D2BA-6C25-2661-968F101900D9}"
	ProjectSection(SolutionItems) = preProject
		generate_interop.py = generate_interop.py
	EndProjectSection
EndProject
Global
	GlobalSection(SolutionConfigurationPlatforms) = preSolution
		Debug|Any CPU = Debug|Any CPU
		Release|Any CPU = Release|Any CPU
	EndGlobalSection
	GlobalSection(ProjectConfigurationPlatforms) = postSolution
		{C7BCF942-5060-7117-98E5-E57440712D3D}.Debug|Any CPU.ActiveCfg = Debug|Any CPU
		{C7BCF942-5060-7117-98E5-E57440712D3D}.Debug|Any CPU.Build.0 = Debug|Any CPU
		{C7BCF942-5060-7117-98E5-E57440712D3D}.Release|Any CPU.ActiveCfg = Release|Any CPU
		{C7BCF942-5060-7117-98E5-E57440712D3D}.Release|Any CPU.Build.0 = Release|Any CPU
	EndGlobalSection
	GlobalSection(SolutionProperties) = preSolution
		HideSolutionNode = FALSE
	EndGlobalSection
	GlobalSection(ExtensibilityGlobals) = postSolution
		SolutionGuid = {388ECCB7-FE60-44D4-84A4-5308A4D6D6CA}
	EndGlobalSection
EndGlobal
